
Microsoft Visual Studio Solution File, Format Version 12.00
# Visual Studio Version 17
VisualStudioVersion = 17.3.32819.101
MinimumVisualStudioVersion = 10.0.40219.1
Project("{FAE04EC0-301F-11D3-BF4B-00C04F79EFBC}") = "Ahmadi_3", "Ahmadi_3\Ahmadi_3.csproj", "{F6076AB4-411E-444D-B408-7255E54335A8}"
EndProject
Global
	GlobalSection(SolutionConfigurationPlatforms) = preSolution
		Debug|Any CPU = Debug|Any CPU
		Release|Any CPU = Release|Any CPU
	EndGlobalSection
	GlobalSection(ProjectConfigurationPlatforms) = postSolution
		{F6076AB4-411E-444D-B408-7255E54335A8}.Debug|Any CPU.ActiveCfg = Debug|Any CPU
		{F6076AB4-411E-444D-B408-7255E54335A8}.Debug|Any CPU.Build.0 = Debug|Any CPU
		{F6076AB4-411E-444D-B408-7255E54335A8}.Release|Any CPU.ActiveCfg = Release|Any CPU
		{F6076AB4-411E-444D-B408-7255E54335A8}.Release|Any CPU.Build.0 = Release|Any CPU
	EndGlobalSection
	GlobalSection(SolutionProperties) = preSolution
		HideSolutionNode = FALSE
	EndGlobalSection
	GlobalSection(ExtensibilityGlobals) = postSolution
		SolutionGuid = {21ABC563-2364-4586-A23A-62C6C3D6AA94}
	EndGlobalSection
EndGlobal
